
Microsoft Visual Studio Solution File, Format Version 12.00
# Visual Studio 2013
VisualStudioVersion = 12.0.21005.1
MinimumVisualStudioVersion = 10.0.40219.1
Project("{2150E333-8FDC-42A3-9474-1A3956D46DE8}") = "Dependencies", "Dependencies", "{B0839904-9D3B-44AB-A63A-BB731A71188D}"
EndProject
Project("{2150E333-8FDC-42A3-9474-1A3956D46DE8}") = "Patterns", "Patterns", "{C79C53AB-1B2C-4740-9DA3-0D19CFF2DAF9}"
EndProject
Project("{2150E333-8FDC-42A3-9474-1A3956D46DE8}") = "Services", "Services", "{3F4C2987-5FCE-4B64-A0ED-5A9AF30B9457}"
EndProject
Project("{2150E333-8FDC-42A3-9474-1A3956D46DE8}") = "Tests", "Tests", "{5DDE2552-EAF3-49FC-BAA8-BC6A779A59F6}"
EndProject
Project("{2150E333-8FDC-42A3-9474-1A3956D46DE8}") = "Integration", "Integration", "{C0AD250B-10BD-4EBB-8BE8-1A344784CBD7}"
EndProject
Project("{2150E333-8FDC-42A3-9474-1A3956D46DE8}") = "Unit", "Unit", "{1DEAA229-7CCF-45DA-ADEA-A958EB6213D7}"
EndProject
Project("{2150E333-8FDC-42A3-9474-1A3956D46DE8}") = "Dependencies", "Dependencies", "{010E5341-63D6-4AC2-AE16-4643E06859D9}"
EndProject
Project("{2150E333-8FDC-42A3-9474-1A3956D46DE8}") = "Services", "Services", "{D8B95124-FF76-4A0F-9F0F-C02632FFFA8F}"
EndProject
Project("{2150E333-8FDC-42A3-9474-1A3956D46DE8}") = "Services", "Services", "{0B1FA34B-9AC8-4517-9A0B-336C6B74BD5A}"
EndProject
Project("{FAE04EC0-301F-11D3-BF4B-00C04F79EFBC}") = "WebCtor.Core", "WebCtor.Core\WebCtor.Core.csproj", "{DEA50C89-962F-41FD-B6D7-804E295B262E}"
EndProject
Project("{FAE04EC0-301F-11D3-BF4B-00C04F79EFBC}") = "WebCtor.Service", "WebCtor.Service\WebCtor.Service.csproj", "{92533675-39F7-4930-8E0C-7277812411E6}"
EndProject
Project("{FAE04EC0-301F-11D3-BF4B-00C04F79EFBC}") = "WebCtor.Service.Endpoint.WebApi", "WebCtor.Service.Endpoint.WebApi\WebCtor.Service.Endpoint.WebApi.csproj", "{63C5D4C1-8045-4BCA-933D-76DEDCB756FD}"
EndProject
Project("{FAE04EC0-301F-11D3-BF4B-00C04F79EFBC}") = "WebCtor.Web.Site.GuildCloud.Test.Integration", "WebCtor.Web.Site.GuildCloud.Test.Integration\WebCtor.Web.Site.GuildCloud.Test.Integration.csproj", "{C148E5FB-8DF8-44A4-BECB-A26E2C8B9E7C}"
EndProject
Project("{FAE04EC0-301F-11D3-BF4B-00C04F79EFBC}") = "WebCtor.Test", "WebCtor.Test\WebCtor.Test.csproj", "{F503FAD2-D420-477A-8F05-FFEC2489479A}"
EndProject
Project("{FAE04EC0-301F-11D3-BF4B-00C04F79EFBC}") = "WebCtor.Service.Endpoint.WebApi.Test.Integration", "WebCtor.Service.Endpoint.WebApi.Test.Integration\WebCtor.Service.Endpoint.WebApi.Test.Integration.csproj", "{7F8C96CC-8049-409D-B446-F400D39452FF}"
EndProject
Project("{FAE04EC0-301F-11D3-BF4B-00C04F79EFBC}") = "WebCtor.Core.Test.Unit", "WebCtor.Core.Test.Unit\WebCtor.Core.Test.Unit.csproj", "{606FCF8A-5409-4A48-91F1-85191A6CB95E}"
EndProject
Project("{FAE04EC0-301F-11D3-BF4B-00C04F79EFBC}") = "WebCtor.Service.Test.Unit", "WebCtor.Service.Test.Unit\WebCtor.Service.Test.Unit.csproj", "{87DF71B2-FB77-479C-8E94-F15EA0AAA655}"
EndProject
Project("{FAE04EC0-301F-11D3-BF4B-00C04F79EFBC}") = "WebCtor.Web.Site.GuildCloud", "WebCtor.Web.Site.GuildCloud\WebCtor.Web.Site.GuildCloud.csproj", "{B6F46CBD-50F3-421D-8BDA-5B31EA3DECBA}"
EndProject
Global
	GlobalSection(SolutionConfigurationPlatforms) = preSolution
		Debug|Any CPU = Debug|Any CPU
		Release|Any CPU = Release|Any CPU
	EndGlobalSection
	GlobalSection(ProjectConfigurationPlatforms) = postSolution
		{DEA50C89-962F-41FD-B6D7-804E295B262E}.Debug|Any CPU.ActiveCfg = Debug|Any CPU
		{DEA50C89-962F-41FD-B6D7-804E295B262E}.Debug|Any CPU.Build.0 = Debug|Any CPU
		{DEA50C89-962F-41FD-B6D7-804E295B262E}.Release|Any CPU.ActiveCfg = Release|Any CPU
		{DEA50C89-962F-41FD-B6D7-804E295B262E}.Release|Any CPU.Build.0 = Release|Any CPU
		{92533675-39F7-4930-8E0C-7277812411E6}.Debug|Any CPU.ActiveCfg = Debug|Any CPU
		{92533675-39F7-4930-8E0C-7277812411E6}.Debug|Any CPU.Build.0 = Debug|Any CPU
		{92533675-39F7-4930-8E0C-7277812411E6}.Release|Any CPU.ActiveCfg = Release|Any CPU
		{92533675-39F7-4930-8E0C-7277812411E6}.Release|Any CPU.Build.0 = Release|Any CPU
		{63C5D4C1-8045-4BCA-933D-76DEDCB756FD}.Debug|Any CPU.ActiveCfg = Debug|Any CPU
		{63C5D4C1-8045-4BCA-933D-76DEDCB756FD}.Debug|Any CPU.Build.0 = Debug|Any CPU
		{63C5D4C1-8045-4BCA-933D-76DEDCB756FD}.Release|Any CPU.ActiveCfg = Release|Any CPU
		{63C5D4C1-8045-4BCA-933D-76DEDCB756FD}.Release|Any CPU.Build.0 = Release|Any CPU
		{C148E5FB-8DF8-44A4-BECB-A26E2C8B9E7C}.Debug|Any CPU.ActiveCfg = Debug|Any CPU
		{C148E5FB-8DF8-44A4-BECB-A26E2C8B9E7C}.Debug|Any CPU.Build.0 = Debug|Any CPU
		{C148E5FB-8DF8-44A4-BECB-A26E2C8B9E7C}.Release|Any CPU.ActiveCfg = Release|Any CPU
		{C148E5FB-8DF8-44A4-BECB-A26E2C8B9E7C}.Release|Any CPU.Build.0 = Release|Any CPU
		{F503FAD2-D420-477A-8F05-FFEC2489479A}.Debug|Any CPU.ActiveCfg = Debug|Any CPU
		{F503FAD2-D420-477A-8F05-FFEC2489479A}.Debug|Any CPU.Build.0 = Debug|Any CPU
		{F503FAD2-D420-477A-8F05-FFEC2489479A}.Release|Any CPU.ActiveCfg = Release|Any CPU
		{F503FAD2-D420-477A-8F05-FFEC2489479A}.Release|Any CPU.Build.0 = Release|Any CPU
		{7F8C96CC-8049-409D-B446-F400D39452FF}.Debug|Any CPU.ActiveCfg = Debug|Any CPU
		{7F8C96CC-8049-409D-B446-F400D39452FF}.Debug|Any CPU.Build.0 = Debug|Any CPU
		{7F8C96CC-8049-409D-B446-F400D39452FF}.Release|Any CPU.ActiveCfg = Release|Any CPU
		{7F8C96CC-8049-409D-B446-F400D39452FF}.Release|Any CPU.Build.0 = Release|Any CPU
		{606FCF8A-5409-4A48-91F1-85191A6CB95E}.Debug|Any CPU.ActiveCfg = Debug|Any CPU
		{606FCF8A-5409-4A48-91F1-85191A6CB95E}.Debug|Any CPU.Build.0 = Debug|Any CPU
		{606FCF8A-5409-4A48-91F1-85191A6CB95E}.Release|Any CPU.ActiveCfg = Release|Any CPU
		{606FCF8A-5409-4A48-91F1-85191A6CB95E}.Release|Any CPU.Build.0 = Release|Any CPU
		{87DF71B2-FB77-479C-8E94-F15EA0AAA655}.Debug|Any CPU.ActiveCfg = Debug|Any CPU
		{87DF71B2-FB77-479C-8E94-F15EA0AAA655}.Debug|Any CPU.Build.0 = Debug|Any CPU
		{87DF71B2-FB77-479C-8E94-F15EA0AAA655}.Release|Any CPU.ActiveCfg = Release|Any CPU
		{87DF71B2-FB77-479C-8E94-F15EA0AAA655}.Release|Any CPU.Build.0 = Release|Any CPU
		{B6F46CBD-50F3-421D-8BDA-5B31EA3DECBA}.Debug|Any CPU.ActiveCfg = Debug|Any CPU
		{B6F46CBD-50F3-421D-8BDA-5B31EA3DECBA}.Debug|Any CPU.Build.0 = Debug|Any CPU
		{B6F46CBD-50F3-421D-8BDA-5B31EA3DECBA}.Release|Any CPU.ActiveCfg = Release|Any CPU
		{B6F46CBD-50F3-421D-8BDA-5B31EA3DECBA}.Release|Any CPU.Build.0 = Release|Any CPU
	EndGlobalSection
	GlobalSection(SolutionProperties) = preSolution
		HideSolutionNode = FALSE
	EndGlobalSection
	GlobalSection(NestedProjects) = preSolution
		{DEA50C89-962F-41FD-B6D7-804E295B262E} = {B0839904-9D3B-44AB-A63A-BB731A71188D}
		{92533675-39F7-4930-8E0C-7277812411E6} = {3F4C2987-5FCE-4B64-A0ED-5A9AF30B9457}
		{63C5D4C1-8045-4BCA-933D-76DEDCB756FD} = {3F4C2987-5FCE-4B64-A0ED-5A9AF30B9457}
		{C0AD250B-10BD-4EBB-8BE8-1A344784CBD7} = {5DDE2552-EAF3-49FC-BAA8-BC6A779A59F6}
		{1DEAA229-7CCF-45DA-ADEA-A958EB6213D7} = {5DDE2552-EAF3-49FC-BAA8-BC6A779A59F6}
		{F503FAD2-D420-477A-8F05-FFEC2489479A} = {5DDE2552-EAF3-49FC-BAA8-BC6A779A59F6}
		{0B1FA34B-9AC8-4517-9A0B-336C6B74BD5A} = {C0AD250B-10BD-4EBB-8BE8-1A344784CBD7}
		{C148E5FB-8DF8-44A4-BECB-A26E2C8B9E7C} = {C0AD250B-10BD-4EBB-8BE8-1A344784CBD7}
		{010E5341-63D6-4AC2-AE16-4643E06859D9} = {1DEAA229-7CCF-45DA-ADEA-A958EB6213D7}
		{D8B95124-FF76-4A0F-9F0F-C02632FFFA8F} = {1DEAA229-7CCF-45DA-ADEA-A958EB6213D7}
		{606FCF8A-5409-4A48-91F1-85191A6CB95E} = {010E5341-63D6-4AC2-AE16-4643E06859D9}
		{87DF71B2-FB77-479C-8E94-F15EA0AAA655} = {D8B95124-FF76-4A0F-9F0F-C02632FFFA8F}
		{7F8C96CC-8049-409D-B446-F400D39452FF} = {0B1FA34B-9AC8-4517-9A0B-336C6B74BD5A}
	EndGlobalSection
EndGlobal
